
Microsoft Visual Studio Solution File, Format Version 12.00
# Visual Studio Version 17
VisualStudioVersion = 17.0.32014.148
MinimumVisualStudioVersion = 10.0.40219.1
Project("{FAE04EC0-301F-11D3-BF4B-00C04F79EFBC}") = "asp.net core web app jupiter", "asp.net core web app jupiter.csproj", "{05D2A1CA-524E-48BF-AA5F-185CFD7D2661}"
EndProject
Global
	GlobalSection(SolutionConfigurationPlatforms) = preSolution
		Debug|Any CPU = Debug|Any CPU
		Release|Any CPU = Release|Any CPU
	EndGlobalSection
	GlobalSection(ProjectConfigurationPlatforms) = postSolution
		{05D2A1CA-524E-48BF-AA5F-185CFD7D2661}.Debug|Any CPU.ActiveCfg = Debug|Any CPU
		{05D2A1CA-524E-48BF-AA5F-185CFD7D2661}.Debug|Any CPU.Build.0 = Debug|Any CPU
		{05D2A1CA-524E-48BF-AA5F-185CFD7D2661}.Release|Any CPU.ActiveCfg = Release|Any CPU
		{05D2A1CA-524E-48BF-AA5F-185CFD7D2661}.Release|Any CPU.Build.0 = Release|Any CPU
	EndGlobalSection
	GlobalSection(SolutionProperties) = preSolution
		HideSolutionNode = FALSE
	EndGlobalSection
	GlobalSection(ExtensibilityGlobals) = postSolution
		SolutionGuid = {397BD1B1-8B2A-4D38-B7A4-29EB194A72C8}
	EndGlobalSection
EndGlobal
